Microsoft Visual Studio Solution File, Format Version 12.00
# Visual Studio Version 17
VisualStudioVersion = 17.5.2.0
MinimumVisualStudioVersion = 10.0.40219.1
Project("{FAE04EC0-301F-11D3-BF4B-00C04F79EFBC}") = "MinhaApi", "MinhaApi.csproj", "{5F26E105-5DC0-CE82-732B-1F5D0D5187EB}"
EndProject
Global
	GlobalSection(SolutionConfigurationPlatforms) = preSolution
		Debug|Any CPU = Debug|Any CPU
		Release|Any CPU = Release|Any CPU
	EndGlobalSection
	GlobalSection(ProjectConfigurationPlatforms) = postSolution
		{5F26E105-5DC0-CE82-732B-1F5D0D5187EB}.Debug|Any CPU.ActiveCfg = Debug|Any CPU
		{5F26E105-5DC0-CE82-732B-1F5D0D5187EB}.Debug|Any CPU.Build.0 = Debug|Any CPU
		{5F26E105-5DC0-CE82-732B-1F5D0D5187EB}.Release|Any CPU.ActiveCfg = Release|Any CPU
		{5F26E105-5DC0-CE82-732B-1F5D0D5187EB}.Release|Any CPU.Build.0 = Release|Any CPU
	EndGlobalSection
	GlobalSection(SolutionProperties) = preSolution
		HideSolutionNode = FALSE
	EndGlobalSection
	GlobalSection(ExtensibilityGlobals) = postSolution
		SolutionGuid = {6387273A-F9BD-4B88-B416-6EBB2AD232F9}
	EndGlobalSection
EndGlobal
